
Microsoft Visual Studio Solution File, Format Version 12.00
# Visual Studio Version 17
VisualStudioVersion = 17.0.31903.59
MinimumVisualStudioVersion = 10.0.40219.1
Project("{2150E333-8FDC-42A3-9474-1A3956D46DE8}") = "src", "src", "{8B75941C-E16E-49E6-A2BD-8FE0D1B143A0}"
EndProject
Project("{FAE04EC0-301F-11D3-BF4B-00C04F79EFBC}") = "Enjna.AppStoreServerLibrary", "src\Enjna.AppStoreServerLibrary\Enjna.AppStoreServerLibrary.csproj", "{56D041AC-E8ED-49BB-9EC6-E1B7D0928B63}"
EndProject
Project("{2150E333-8FDC-42A3-9474-1A3956D46DE8}") = "test", "test", "{0265105E-C899-4835-9A46-87FBFC7F0145}"
EndProject
Project("{FAE04EC0-301F-11D3-BF4B-00C04F79EFBC}") = "Enjna.AppStoreServerLibrary.Tests", "test\Enjna.AppStoreServerLibrary.Tests\Enjna.AppStoreServerLibrary.Tests.csproj", "{A4A2D584-B04C-42F9-ACB3-14CB813B0EBE}"
EndProject
Project("{2150E333-8FDC-42A3-9474-1A3956D46DE8}") = "Solution Items", "Solution Items", "{8C77D984-9820-4E40-9968-04B9993E6E2A}"
	ProjectSection(SolutionItems) = preProject
		global.json = global.json
		LICENSE = LICENSE
		README.md = README.md
		.config\dotnet-tools.json = .config\dotnet-tools.json
		.editorconfig = .editorconfig
		.gitattributes = .gitattributes
		.gitignore = .gitignore
		.gitmodules = .gitmodules
	EndProjectSection
EndProject
Global
	GlobalSection(SolutionConfigurationPlatforms) = preSolution
		Debug|Any CPU = Debug|Any CPU
		Release|Any CPU = Release|Any CPU
	EndGlobalSection
	GlobalSection(SolutionProperties) = preSolution
		HideSolutionNode = FALSE
	EndGlobalSection
	GlobalSection(NestedProjects) = preSolution
		{56D041AC-E8ED-49BB-9EC6-E1B7D0928B63} = {8B75941C-E16E-49E6-A2BD-8FE0D1B143A0}
		{A4A2D584-B04C-42F9-ACB3-14CB813B0EBE} = {0265105E-C899-4835-9A46-87FBFC7F0145}
	EndGlobalSection
	GlobalSection(ProjectConfigurationPlatforms) = postSolution
		{56D041AC-E8ED-49BB-9EC6-E1B7D0928B63}.Debug|Any CPU.ActiveCfg = Debug|Any CPU
		{56D041AC-E8ED-49BB-9EC6-E1B7D0928B63}.Debug|Any CPU.Build.0 = Debug|Any CPU
		{56D041AC-E8ED-49BB-9EC6-E1B7D0928B63}.Release|Any CPU.ActiveCfg = Release|Any CPU
		{56D041AC-E8ED-49BB-9EC6-E1B7D0928B63}.Release|Any CPU.Build.0 = Release|Any CPU
		{A4A2D584-B04C-42F9-ACB3-14CB813B0EBE}.Debug|Any CPU.ActiveCfg = Debug|Any CPU
		{A4A2D584-B04C-42F9-ACB3-14CB813B0EBE}.Debug|Any CPU.Build.0 = Debug|Any CPU
		{A4A2D584-B04C-42F9-ACB3-14CB813B0EBE}.Release|Any CPU.ActiveCfg = Release|Any CPU
		{A4A2D584-B04C-42F9-ACB3-14CB813B0EBE}.Release|Any CPU.Build.0 = Release|Any CPU
	EndGlobalSection
EndGlobal
